
Microsoft Visual Studio Solution File, Format Version 12.00
# Visual Studio 15
VisualStudioVersion = 15.0.27428.2005
MinimumVisualStudioVersion = 10.0.40219.1
Project("{8BC9CEB8-8B4A-11D0-8D11-00A0C91BC942}") = "base", "code\base\base.vcxproj", "{3D9404F5-7B85-468D-B8B4-9A745F4C144A}"
EndProject
Project("{8BC9CEB8-8B4A-11D0-8D11-00A0C91BC942}") = "mesh", "code\mesh\mesh.vcxproj", "{4CEF65ED-94CC-480C-AE7F-EAF8AEB61198}"
	ProjectSection(ProjectDependencies) = postProject
		{3D9404F5-7B85-468D-B8B4-9A745F4C144A} = {3D9404F5-7B85-468D-B8B4-9A745F4C144A}
	EndProjectSection
EndProject
Global
	GlobalSection(SolutionConfigurationPlatforms) = preSolution
		Debug|x64 = Debug|x64
		Debug|x86 = Debug|x86
		Release|x64 = Release|x64
		Release|x86 = Release|x86
	EndGlobalSection
	GlobalSection(ProjectConfigurationPlatforms) = postSolution
		{3D9404F5-7B85-468D-B8B4-9A745F4C144A}.Debug|x64.ActiveCfg = Debug|x64
		{3D9404F5-7B85-468D-B8B4-9A745F4C144A}.Debug|x64.Build.0 = Debug|x64
		{3D9404F5-7B85-468D-B8B4-9A745F4C144A}.Debug|x86.ActiveCfg = Debug|x64
		{3D9404F5-7B85-468D-B8B4-9A745F4C144A}.Release|x64.ActiveCfg = Release|x64
		{3D9404F5-7B85-468D-B8B4-9A745F4C144A}.Release|x64.Build.0 = Release|x64
		{3D9404F5-7B85-468D-B8B4-9A745F4C144A}.Release|x86.ActiveCfg = Release|x64
		{4CEF65ED-94CC-480C-AE7F-EAF8AEB61198}.Debug|x64.ActiveCfg = Debug|x64
		{4CEF65ED-94CC-480C-AE7F-EAF8AEB61198}.Debug|x64.Build.0 = Debug|x64
		{4CEF65ED-94CC-480C-AE7F-EAF8AEB61198}.Debug|x86.ActiveCfg = Debug|Win32
		{4CEF65ED-94CC-480C-AE7F-EAF8AEB61198}.Debug|x86.Build.0 = Debug|Win32
		{4CEF65ED-94CC-480C-AE7F-EAF8AEB61198}.Release|x64.ActiveCfg = Release|x64
		{4CEF65ED-94CC-480C-AE7F-EAF8AEB61198}.Release|x64.Build.0 = Release|x64
		{4CEF65ED-94CC-480C-AE7F-EAF8AEB61198}.Release|x86.ActiveCfg = Release|Win32
		{4CEF65ED-94CC-480C-AE7F-EAF8AEB61198}.Release|x86.Build.0 = Release|Win32
	EndGlobalSection
	GlobalSection(SolutionProperties) = preSolution
		HideSolutionNode = FALSE
	EndGlobalSection
	GlobalSection(ExtensibilityGlobals) = postSolution
		SolutionGuid = {4D0E3292-EB3E-478A-9130-AD76D359CA99}
	EndGlobalSection
EndGlobal
